
Microsoft Visual Studio Solution File, Format Version 11.00
# Visual Studio 2010
Project("{FAE04EC0-301F-11D3-BF4B-00C04F79EFBC}") = "UML.SaveAsImage", "UML.SaveAsImage\UML.SaveAsImage.csproj", "{14C75E3A-A22B-4FBB-9B6C-C9292D36857C}"
EndProject
Global
	GlobalSection(SolutionConfigurationPlatforms) = preSolution
		Debug|x86 = Debug|x86
		Release|x86 = Release|x86
	EndGlobalSection
	GlobalSection(ProjectConfigurationPlatforms) = postSolution
		{14C75E3A-A22B-4FBB-9B6C-C9292D36857C}.Debug|x86.ActiveCfg = Debug|x86
		{14C75E3A-A22B-4FBB-9B6C-C9292D36857C}.Debug|x86.Build.0 = Debug|x86
		{14C75E3A-A22B-4FBB-9B6C-C9292D36857C}.Release|x86.ActiveCfg = Release|x86
		{14C75E3A-A22B-4FBB-9B6C-C9292D36857C}.Release|x86.Build.0 = Release|x86
	EndGlobalSection
	GlobalSection(SolutionProperties) = preSolution
		HideSolutionNode = FALSE
	EndGlobalSection
EndGlobal
