
Microsoft Visual Studio Solution File, Format Version 11.00
# Visual Studio 2010
Project("{FAE04EC0-301F-11D3-BF4B-00C04F79EFBC}") = "Experiments.OData.TwitPicClient", "Experiments.OData.TwitPicClient\Experiments.OData.TwitPicClient.csproj", "{FBBCCDD3-1044-4206-8FE3-8A2D17C8E010}"
EndProject
Global
	GlobalSection(SolutionConfigurationPlatforms) = preSolution
		Debug|Any CPU = Debug|Any CPU
		Release|Any CPU = Release|Any CPU
	EndGlobalSection
	GlobalSection(ProjectConfigurationPlatforms) = postSolution
		{FBBCCDD3-1044-4206-8FE3-8A2D17C8E010}.Debug|Any CPU.ActiveCfg = Debug|Any CPU
		{FBBCCDD3-1044-4206-8FE3-8A2D17C8E010}.Debug|Any CPU.Build.0 = Debug|Any CPU
		{FBBCCDD3-1044-4206-8FE3-8A2D17C8E010}.Release|Any CPU.ActiveCfg = Release|Any CPU
		{FBBCCDD3-1044-4206-8FE3-8A2D17C8E010}.Release|Any CPU.Build.0 = Release|Any CPU
	EndGlobalSection
	GlobalSection(SolutionProperties) = preSolution
		HideSolutionNode = FALSE
	EndGlobalSection
EndGlobal
