
Microsoft Visual Studio Solution File, Format Version 11.00
# Visual Studio 2010
Project("{FAE04EC0-301F-11D3-BF4B-00C04F79EFBC}") = "Experiments.MobileWeb.JqueryMobile", "Experiments.MobileWeb.JqueryMobile\Experiments.MobileWeb.JqueryMobile.csproj", "{92C615D4-D34C-40C3-B723-00EE34863C14}"
EndProject
Global
	GlobalSection(SolutionConfigurationPlatforms) = preSolution
		Debug|Any CPU = Debug|Any CPU
		Release|Any CPU = Release|Any CPU
	EndGlobalSection
	GlobalSection(ProjectConfigurationPlatforms) = postSolution
		{92C615D4-D34C-40C3-B723-00EE34863C14}.Debug|Any CPU.ActiveCfg = Debug|Any CPU
		{92C615D4-D34C-40C3-B723-00EE34863C14}.Debug|Any CPU.Build.0 = Debug|Any CPU
		{92C615D4-D34C-40C3-B723-00EE34863C14}.Release|Any CPU.ActiveCfg = Release|Any CPU
		{92C615D4-D34C-40C3-B723-00EE34863C14}.Release|Any CPU.Build.0 = Release|Any CPU
	EndGlobalSection
	GlobalSection(SolutionProperties) = preSolution
		HideSolutionNode = FALSE
	EndGlobalSection
EndGlobal
