
Microsoft Visual Studio Solution File, Format Version 11.00
# Visual Studio 2010
Project("{FAE04EC0-301F-11D3-BF4B-00C04F79EFBC}") = "Experiments.ASPNET.MVP", "Experiments.ASPNET.MVP\Experiments.ASPNET.MVP.csproj", "{3CAF613A-6CBD-46EB-B32F-C959DFE54662}"
EndProject
Project("{2150E333-8FDC-42A3-9474-1A3956D46DE8}") = "ExternalLibraries", "ExternalLibraries", "{FCDF7595-E8BD-4172-9E60-E03DCA4FF9CB}"
	ProjectSection(SolutionItems) = preProject
		ExternalLibraries\WebFormsMvp.dll = ExternalLibraries\WebFormsMvp.dll
	EndProjectSection
EndProject
Global
	GlobalSection(SolutionConfigurationPlatforms) = preSolution
		Debug|Any CPU = Debug|Any CPU
		Release|Any CPU = Release|Any CPU
	EndGlobalSection
	GlobalSection(ProjectConfigurationPlatforms) = postSolution
		{3CAF613A-6CBD-46EB-B32F-C959DFE54662}.Debug|Any CPU.ActiveCfg = Debug|Any CPU
		{3CAF613A-6CBD-46EB-B32F-C959DFE54662}.Debug|Any CPU.Build.0 = Debug|Any CPU
		{3CAF613A-6CBD-46EB-B32F-C959DFE54662}.Release|Any CPU.ActiveCfg = Release|Any CPU
		{3CAF613A-6CBD-46EB-B32F-C959DFE54662}.Release|Any CPU.Build.0 = Release|Any CPU
	EndGlobalSection
	GlobalSection(SolutionProperties) = preSolution
		HideSolutionNode = FALSE
	EndGlobalSection
EndGlobal
