
Microsoft Visual Studio Solution File, Format Version 11.00
# Visual Studio 2010
Project("{FAE04EC0-301F-11D3-BF4B-00C04F79EFBC}") = "Experiments.ResizeImage", "Experiment.ResizeImage\Experiments.ResizeImage.csproj", "{D1493F66-B265-4F3B-9016-AA1FD8C83DEE}"
EndProject
Global
	GlobalSection(SolutionConfigurationPlatforms) = preSolution
		Debug|Any CPU = Debug|Any CPU
		Release|Any CPU = Release|Any CPU
	EndGlobalSection
	GlobalSection(ProjectConfigurationPlatforms) = postSolution
		{D1493F66-B265-4F3B-9016-AA1FD8C83DEE}.Debug|Any CPU.ActiveCfg = Debug|Any CPU
		{D1493F66-B265-4F3B-9016-AA1FD8C83DEE}.Debug|Any CPU.Build.0 = Debug|Any CPU
		{D1493F66-B265-4F3B-9016-AA1FD8C83DEE}.Release|Any CPU.ActiveCfg = Release|Any CPU
		{D1493F66-B265-4F3B-9016-AA1FD8C83DEE}.Release|Any CPU.Build.0 = Release|Any CPU
	EndGlobalSection
	GlobalSection(SolutionProperties) = preSolution
		HideSolutionNode = FALSE
	EndGlobalSection
EndGlobal
