
Microsoft Visual Studio Solution File, Format Version 11.00
# Visual Studio 2010
Project("{FAE04EC0-301F-11D3-BF4B-00C04F79EFBC}") = "Experiments.MemBus.Forms", "Experiments.MemBus.Forms\Experiments.MemBus.Forms.csproj", "{AE1F8AD0-04B9-453F-81A6-47C233A61ED3}"
EndProject
Global
	GlobalSection(SolutionConfigurationPlatforms) = preSolution
		Debug|x86 = Debug|x86
		Release|x86 = Release|x86
	EndGlobalSection
	GlobalSection(ProjectConfigurationPlatforms) = postSolution
		{AE1F8AD0-04B9-453F-81A6-47C233A61ED3}.Debug|x86.ActiveCfg = Debug|x86
		{AE1F8AD0-04B9-453F-81A6-47C233A61ED3}.Debug|x86.Build.0 = Debug|x86
		{AE1F8AD0-04B9-453F-81A6-47C233A61ED3}.Release|x86.ActiveCfg = Release|x86
		{AE1F8AD0-04B9-453F-81A6-47C233A61ED3}.Release|x86.Build.0 = Release|x86
	EndGlobalSection
	GlobalSection(SolutionProperties) = preSolution
		HideSolutionNode = FALSE
	EndGlobalSection
EndGlobal
