
Microsoft Visual Studio Solution File, Format Version 11.00
# Visual Studio 2010
Project("{FAE04EC0-301F-11D3-BF4B-00C04F79EFBC}") = "WIFControlsApp", "WIFControlsApp\WIFControlsApp.csproj", "{1C57EB1E-D5F4-429F-BB3A-7AD5ED8CA248}"
EndProject
Global
	GlobalSection(SolutionConfigurationPlatforms) = preSolution
		Debug|Any CPU = Debug|Any CPU
		Release|Any CPU = Release|Any CPU
	EndGlobalSection
	GlobalSection(ProjectConfigurationPlatforms) = postSolution
		{1C57EB1E-D5F4-429F-BB3A-7AD5ED8CA248}.Debug|Any CPU.ActiveCfg = Debug|Any CPU
		{1C57EB1E-D5F4-429F-BB3A-7AD5ED8CA248}.Debug|Any CPU.Build.0 = Debug|Any CPU
		{1C57EB1E-D5F4-429F-BB3A-7AD5ED8CA248}.Release|Any CPU.ActiveCfg = Release|Any CPU
		{1C57EB1E-D5F4-429F-BB3A-7AD5ED8CA248}.Release|Any CPU.Build.0 = Release|Any CPU
	EndGlobalSection
	GlobalSection(SolutionProperties) = preSolution
		HideSolutionNode = FALSE
	EndGlobalSection
EndGlobal
