
Microsoft Visual Studio Solution File, Format Version 11.00
# Visual Studio 2010
Project("{FAE04EC0-301F-11D3-BF4B-00C04F79EFBC}") = "ClientWeb", "ClientWeb\ClientWeb.csproj", "{5B8460C2-7670-4E51-850E-D6B777C5A08B}"
	ProjectSection(ProjectDependencies) = postProject
		{80142A16-74B7-4B70-9AA4-AD01674A9A31} = {80142A16-74B7-4B70-9AA4-AD01674A9A31}
	EndProjectSection
EndProject
Project("{FAE04EC0-301F-11D3-BF4B-00C04F79EFBC}") = "RemoteWebService", "RemoteWebService\RemoteWebService.csproj", "{80142A16-74B7-4B70-9AA4-AD01674A9A31}"
EndProject
Project("{FAE04EC0-301F-11D3-BF4B-00C04F79EFBC}") = "ClientWebMvc", "ClientWebMvc\ClientWebMvc.csproj", "{CDE66FB5-2C1F-4EF1-BC78-7192651EEAAE}"
	ProjectSection(ProjectDependencies) = postProject
		{80142A16-74B7-4B70-9AA4-AD01674A9A31} = {80142A16-74B7-4B70-9AA4-AD01674A9A31}
	EndProjectSection
EndProject
Global
	GlobalSection(SolutionConfigurationPlatforms) = preSolution
		Debug|Any CPU = Debug|Any CPU
		Release|Any CPU = Release|Any CPU
	EndGlobalSection
	GlobalSection(ProjectConfigurationPlatforms) = postSolution
		{5B8460C2-7670-4E51-850E-D6B777C5A08B}.Debug|Any CPU.ActiveCfg = Debug|Any CPU
		{5B8460C2-7670-4E51-850E-D6B777C5A08B}.Debug|Any CPU.Build.0 = Debug|Any CPU
		{5B8460C2-7670-4E51-850E-D6B777C5A08B}.Release|Any CPU.ActiveCfg = Release|Any CPU
		{5B8460C2-7670-4E51-850E-D6B777C5A08B}.Release|Any CPU.Build.0 = Release|Any CPU
		{80142A16-74B7-4B70-9AA4-AD01674A9A31}.Debug|Any CPU.ActiveCfg = Debug|Any CPU
		{80142A16-74B7-4B70-9AA4-AD01674A9A31}.Debug|Any CPU.Build.0 = Debug|Any CPU
		{80142A16-74B7-4B70-9AA4-AD01674A9A31}.Release|Any CPU.ActiveCfg = Release|Any CPU
		{80142A16-74B7-4B70-9AA4-AD01674A9A31}.Release|Any CPU.Build.0 = Release|Any CPU
		{CDE66FB5-2C1F-4EF1-BC78-7192651EEAAE}.Debug|Any CPU.ActiveCfg = Debug|Any CPU
		{CDE66FB5-2C1F-4EF1-BC78-7192651EEAAE}.Debug|Any CPU.Build.0 = Debug|Any CPU
		{CDE66FB5-2C1F-4EF1-BC78-7192651EEAAE}.Release|Any CPU.ActiveCfg = Release|Any CPU
		{CDE66FB5-2C1F-4EF1-BC78-7192651EEAAE}.Release|Any CPU.Build.0 = Release|Any CPU
	EndGlobalSection
	GlobalSection(SolutionProperties) = preSolution
		HideSolutionNode = FALSE
	EndGlobalSection
EndGlobal
